
Microsoft Visual Studio Solution File, Format Version 12.00
# Visual Studio 14
VisualStudioVersion = 14.0.25420.1
MinimumVisualStudioVersion = 10.0.40219.1
Project("{2150E333-8FDC-42A3-9474-1A3956D46DE8}") = "Core", "Core", "{1E27319B-96BF-4336-AA80-E8E545E6B8EF}"
EndProject
Project("{2150E333-8FDC-42A3-9474-1A3956D46DE8}") = "Adapters", "Adapters", "{787E21ED-427C-4910-B76C-2D407BD1C68C}"
EndProject
Project("{FAE04EC0-301F-11D3-BF4B-00C04F79EFBC}") = "RoboBank.Email.Application.Adapters", "RoboBank.Email.Application.Adapters\RoboBank.Email.Application.Adapters.csproj", "{089FB352-70DF-46D6-9B3B-CFC97EA5BF1F}"
EndProject
Project("{FAE04EC0-301F-11D3-BF4B-00C04F79EFBC}") = "RoboBank.Email.Application", "RoboBank.Email.Application\RoboBank.Email.Application.csproj", "{BAB365B9-EFCA-49EF-BB7A-3CD09BD9A520}"
EndProject
Project("{FAE04EC0-301F-11D3-BF4B-00C04F79EFBC}") = "RoboBank.Email.Domain", "RoboBank.Email.Domain\RoboBank.Email.Domain.csproj", "{5E51613E-E38D-4387-BA38-E6D095139FCB}"
EndProject
Project("{CC5FD16D-436D-48AD-A40C-5A424C6E3E79}") = "RoboBank.Email.Deploy", "RoboBank.Email.Deploy\RoboBank.Email.Deploy.ccproj", "{7DEE658E-6017-499B-8750-AC22CEFBA0CA}"
EndProject
Project("{FAE04EC0-301F-11D3-BF4B-00C04F79EFBC}") = "RoboBank.Email.Service", "RoboBank.Email.Service\RoboBank.Email.Service.csproj", "{33A7B3E2-D481-459A-B2E0-7A42C9982860}"
EndProject
Global
	GlobalSection(SolutionConfigurationPlatforms) = preSolution
		Debug|Any CPU = Debug|Any CPU
		Release|Any CPU = Release|Any CPU
	EndGlobalSection
	GlobalSection(ProjectConfigurationPlatforms) = postSolution
		{089FB352-70DF-46D6-9B3B-CFC97EA5BF1F}.Debug|Any CPU.ActiveCfg = Debug|Any CPU
		{089FB352-70DF-46D6-9B3B-CFC97EA5BF1F}.Debug|Any CPU.Build.0 = Debug|Any CPU
		{089FB352-70DF-46D6-9B3B-CFC97EA5BF1F}.Release|Any CPU.ActiveCfg = Release|Any CPU
		{089FB352-70DF-46D6-9B3B-CFC97EA5BF1F}.Release|Any CPU.Build.0 = Release|Any CPU
		{BAB365B9-EFCA-49EF-BB7A-3CD09BD9A520}.Debug|Any CPU.ActiveCfg = Debug|Any CPU
		{BAB365B9-EFCA-49EF-BB7A-3CD09BD9A520}.Debug|Any CPU.Build.0 = Debug|Any CPU
		{BAB365B9-EFCA-49EF-BB7A-3CD09BD9A520}.Release|Any CPU.ActiveCfg = Release|Any CPU
		{BAB365B9-EFCA-49EF-BB7A-3CD09BD9A520}.Release|Any CPU.Build.0 = Release|Any CPU
		{5E51613E-E38D-4387-BA38-E6D095139FCB}.Debug|Any CPU.ActiveCfg = Debug|Any CPU
		{5E51613E-E38D-4387-BA38-E6D095139FCB}.Debug|Any CPU.Build.0 = Debug|Any CPU
		{5E51613E-E38D-4387-BA38-E6D095139FCB}.Release|Any CPU.ActiveCfg = Release|Any CPU
		{5E51613E-E38D-4387-BA38-E6D095139FCB}.Release|Any CPU.Build.0 = Release|Any CPU
		{7DEE658E-6017-499B-8750-AC22CEFBA0CA}.Debug|Any CPU.ActiveCfg = Debug|Any CPU
		{7DEE658E-6017-499B-8750-AC22CEFBA0CA}.Debug|Any CPU.Build.0 = Debug|Any CPU
		{7DEE658E-6017-499B-8750-AC22CEFBA0CA}.Release|Any CPU.ActiveCfg = Release|Any CPU
		{7DEE658E-6017-499B-8750-AC22CEFBA0CA}.Release|Any CPU.Build.0 = Release|Any CPU
		{33A7B3E2-D481-459A-B2E0-7A42C9982860}.Debug|Any CPU.ActiveCfg = Debug|Any CPU
		{33A7B3E2-D481-459A-B2E0-7A42C9982860}.Debug|Any CPU.Build.0 = Debug|Any CPU
		{33A7B3E2-D481-459A-B2E0-7A42C9982860}.Release|Any CPU.ActiveCfg = Release|Any CPU
		{33A7B3E2-D481-459A-B2E0-7A42C9982860}.Release|Any CPU.Build.0 = Release|Any CPU
	EndGlobalSection
	GlobalSection(SolutionProperties) = preSolution
		HideSolutionNode = FALSE
	EndGlobalSection
	GlobalSection(NestedProjects) = preSolution
		{089FB352-70DF-46D6-9B3B-CFC97EA5BF1F} = {787E21ED-427C-4910-B76C-2D407BD1C68C}
		{BAB365B9-EFCA-49EF-BB7A-3CD09BD9A520} = {1E27319B-96BF-4336-AA80-E8E545E6B8EF}
		{5E51613E-E38D-4387-BA38-E6D095139FCB} = {1E27319B-96BF-4336-AA80-E8E545E6B8EF}
		{7DEE658E-6017-499B-8750-AC22CEFBA0CA} = {787E21ED-427C-4910-B76C-2D407BD1C68C}
		{33A7B3E2-D481-459A-B2E0-7A42C9982860} = {787E21ED-427C-4910-B76C-2D407BD1C68C}
	EndGlobalSection
EndGlobal
